<?xml version="1.0" encoding="utf-8"?>
<Project ToolsVersion="4.0" xmlns="http://schemas.microsoft.com/developer/msbuild/2003">
  <ItemGroup>
    <Filter Include="Source Files">
      <UniqueIdentifier>{4FC737F1-C7A5-4376-A066-2A32D752A2FF}</UniqueIdentifier>
      <Extensions>cpp;c;cc;cxx;c++;cppm;ixx;def;odl;idl;hpj;bat;asm;asmx</Extensions>
    </Filter>
    <Filter Include="Header Files">
      <UniqueIdentifier>{93995380-89BD-4b04-88EB-625FBE52EBFB}</UniqueIdentifier>
      <Extensions>h;hh;hpp;hxx;h++;hm;inl;inc;ipp;xsd</Extensions>
    </Filter>
    <Filter Include="Resource Files">
      <UniqueIdentifier>{67DA6AB6-F800-4c08-8B7A-83BB121AAD01}</UniqueIdentifier>
      <Extensions>rc;ico;cur;bmp;dlg;rc2;rct;bin;rgs;gif;jpg;jpeg;jpe;resx;tiff;tif;png;wav;mfcribbon-ms</Extensions>
    </Filter>
  </ItemGroup>
  <ItemGroup>
    <ClCompile Include="Vinuki_Thomasz_G20991607_CO2402.cpp">
      <Filter>Source Files</Filter>
    </ClCompile>
    <ClCompile Include="CCard.cpp">
      <Filter>Source Files</Filter>
    </ClCompile>
    <ClCompile Include="ECardTypes.cpp">
      <Filter>Source Files</Filter>
    </ClCompile>
    <ClCompile Include="CStudent.cpp">
      <Filter>Source Files</Filter>
    </ClCompile>
    <ClCompile Include="CPlagiarismHearing.cpp">
      <Filter>Source Files</Filter>
    </ClCompile>
    <ClCompile Include="CCourseAccreditation.cpp">
      <Filter>Source Files</Filter>
    </ClCompile>
    <ClCompile Include="CFeedbackForum.cpp">
      <Filter>Source Files</Filter>
    </ClCompile>
    <ClCompile Include="CIndustrialPlacement .cpp">
      <Filter>Source Files</Filter>
    </ClCompile>
    <ClCompile Include="Type6Class.cpp">
      <Filter>Source Files</Filter>
    </ClCompile>
    <ClCompile Include="Type7Class.cpp">
      <Filter>Source Files</Filter>
    </ClCompile>
    <ClCompile Include="Type8Class.cpp">
      <Filter>Source Files</Filter>
    </ClCompile>
    <ClCompile Include="Type9Class.cpp">
      <Filter>Source Files</Filter>
    </ClCompile>
    <ClCompile Include="Type10Class.cpp">
      <Filter>Source Files</Filter>
    </ClCompile>
    <ClCompile Include="Type11Class.cpp">
      <Filter>Source Files</Filter>
    </ClCompile>
  </ItemGroup>
  <ItemGroup>
    <ClInclude Include="CCard.h">
      <Filter>Header Files</Filter>
    </ClInclude>
    <ClInclude Include="ECardTypes.h">
      <Filter>Header Files</Filter>
    </ClInclude>
    <ClInclude Include="CStudent.h">
      <Filter>Header Files</Filter>
    </ClInclude>
    <ClInclude Include="CPlagiarismHearing.h">
      <Filter>Header Files</Filter>
    </ClInclude>
    <ClInclude Include="CCourseAccreditation.h">
      <Filter>Header Files</Filter>
    </ClInclude>
    <ClInclude Include="CFeedbackForum.h">
      <Filter>Header Files</Filter>
    </ClInclude>
    <ClInclude Include="CIndustrialPlacement .h">
      <Filter>Header Files</Filter>
    </ClInclude>
    <ClInclude Include="Type6Class.h">
      <Filter>Header Files</Filter>
    </ClInclude>
    <ClInclude Include="Type7Class.h">
      <Filter>Header Files</Filter>
    </ClInclude>
    <ClInclude Include="Type8Class.h">
      <Filter>Header Files</Filter>
    </ClInclude>
    <ClInclude Include="Type9Class.h">
      <Filter>Header Files</Filter>
    </ClInclude>
    <ClInclude Include="Type10Class.h">
      <Filter>Header Files</Filter>
    </ClInclude>
    <ClInclude Include="Type11Class.h">
      <Filter>Header Files</Filter>
    </ClInclude>
  </ItemGroup>
</Project>